
Microsoft Visual Studio Solution File, Format Version 12.00
# Visual Studio 2013
VisualStudioVersion = 12.0.40629.0
MinimumVisualStudioVersion = 10.0.40219.1
Project("{FAE04EC0-301F-11D3-BF4B-00C04F79EFBC}") = "Banalyzer.Domain", "Banalyzer.Domain.csproj", "{823558E8-B33C-49D2-B17E-4F966581AB9A}"
EndProject
Project("{FAE04EC0-301F-11D3-BF4B-00C04F79EFBC}") = "Domain.DAL", "..\Domain.DAL\Domain.DAL.csproj", "{BD429C56-1774-49CF-BE04-171BBF97CCDF}"
EndProject
Project("{FAE04EC0-301F-11D3-BF4B-00C04F79EFBC}") = "Banalyzer.DAL", "..\Banalyzer.DAL\Banalyzer.DAL.csproj", "{7BA3A2E5-82F8-42A2-A4D0-4F3A0226CD32}"
EndProject
Project("{FAE04EC0-301F-11D3-BF4B-00C04F79EFBC}") = "Banalyzer.Application", "..\Banalyzer.Application\Banalyzer.Application.csproj", "{AAA5C803-0441-45D5-B55C-AB51242676C5}"
EndProject
Project("{FAE04EC0-301F-11D3-BF4B-00C04F79EFBC}") = "MvvmCommon", "..\MvvmCommon\MvvmCommon.csproj", "{8F8229D5-2667-46BD-8DF0-F0C45672C9AD}"
EndProject
Project("{FAE04EC0-301F-11D3-BF4B-00C04F79EFBC}") = "Banalyzer.UnitTests", "..\Banalyzer.UnitTests\Banalyzer.UnitTests.csproj", "{7EBB0C65-A333-49B4-A7A0-749EE4759A02}"
EndProject
Global
	GlobalSection(SolutionConfigurationPlatforms) = preSolution
		Debug|Any CPU = Debug|Any CPU
		Release|Any CPU = Release|Any CPU
	EndGlobalSection
	GlobalSection(ProjectConfigurationPlatforms) = postSolution
		{823558E8-B33C-49D2-B17E-4F966581AB9A}.Debug|Any CPU.ActiveCfg = Debug|Any CPU
		{823558E8-B33C-49D2-B17E-4F966581AB9A}.Debug|Any CPU.Build.0 = Debug|Any CPU
		{823558E8-B33C-49D2-B17E-4F966581AB9A}.Release|Any CPU.ActiveCfg = Release|Any CPU
		{823558E8-B33C-49D2-B17E-4F966581AB9A}.Release|Any CPU.Build.0 = Release|Any CPU
		{BD429C56-1774-49CF-BE04-171BBF97CCDF}.Debug|Any CPU.ActiveCfg = Debug|Any CPU
		{BD429C56-1774-49CF-BE04-171BBF97CCDF}.Debug|Any CPU.Build.0 = Debug|Any CPU
		{BD429C56-1774-49CF-BE04-171BBF97CCDF}.Release|Any CPU.ActiveCfg = Release|Any CPU
		{BD429C56-1774-49CF-BE04-171BBF97CCDF}.Release|Any CPU.Build.0 = Release|Any CPU
		{7BA3A2E5-82F8-42A2-A4D0-4F3A0226CD32}.Debug|Any CPU.ActiveCfg = Debug|Any CPU
		{7BA3A2E5-82F8-42A2-A4D0-4F3A0226CD32}.Debug|Any CPU.Build.0 = Debug|Any CPU
		{7BA3A2E5-82F8-42A2-A4D0-4F3A0226CD32}.Release|Any CPU.ActiveCfg = Release|Any CPU
		{7BA3A2E5-82F8-42A2-A4D0-4F3A0226CD32}.Release|Any CPU.Build.0 = Release|Any CPU
		{AAA5C803-0441-45D5-B55C-AB51242676C5}.Debug|Any CPU.ActiveCfg = Debug|Any CPU
		{AAA5C803-0441-45D5-B55C-AB51242676C5}.Debug|Any CPU.Build.0 = Debug|Any CPU
		{AAA5C803-0441-45D5-B55C-AB51242676C5}.Release|Any CPU.ActiveCfg = Release|Any CPU
		{AAA5C803-0441-45D5-B55C-AB51242676C5}.Release|Any CPU.Build.0 = Release|Any CPU
		{8F8229D5-2667-46BD-8DF0-F0C45672C9AD}.Debug|Any CPU.ActiveCfg = Debug|Any CPU
		{8F8229D5-2667-46BD-8DF0-F0C45672C9AD}.Debug|Any CPU.Build.0 = Debug|Any CPU
		{8F8229D5-2667-46BD-8DF0-F0C45672C9AD}.Release|Any CPU.ActiveCfg = Release|Any CPU
		{8F8229D5-2667-46BD-8DF0-F0C45672C9AD}.Release|Any CPU.Build.0 = Release|Any CPU
		{7EBB0C65-A333-49B4-A7A0-749EE4759A02}.Debug|Any CPU.ActiveCfg = Debug|Any CPU
		{7EBB0C65-A333-49B4-A7A0-749EE4759A02}.Debug|Any CPU.Build.0 = Debug|Any CPU
		{7EBB0C65-A333-49B4-A7A0-749EE4759A02}.Release|Any CPU.ActiveCfg = Release|Any CPU
		{7EBB0C65-A333-49B4-A7A0-749EE4759A02}.Release|Any CPU.Build.0 = Release|Any CPU
	EndGlobalSection
	GlobalSection(SolutionProperties) = preSolution
		HideSolutionNode = FALSE
	EndGlobalSection
	GlobalSection(Performance) = preSolution
		HasPerformanceSessions = true
	EndGlobalSection
EndGlobal
